
Microsoft Visual Studio Solution File, Format Version 12.00
# Visual Studio Version 17
VisualStudioVersion = 17.4.33122.133
MinimumVisualStudioVersion = 10.0.40219.1
Project("{FAE04EC0-301F-11D3-BF4B-00C04F79EFBC}") = "ReastEstateWebApp", "ReastEstateWebApp.csproj", "{0FDCF731-B039-4973-9EF6-9260F6C54958}"
EndProject
Global
	GlobalSection(SolutionConfigurationPlatforms) = preSolution
		Debug|Any CPU = Debug|Any CPU
		Release|Any CPU = Release|Any CPU
	EndGlobalSection
	GlobalSection(ProjectConfigurationPlatforms) = postSolution
		{0FDCF731-B039-4973-9EF6-9260F6C54958}.Debug|Any CPU.ActiveCfg = Debug|Any CPU
		{0FDCF731-B039-4973-9EF6-9260F6C54958}.Debug|Any CPU.Build.0 = Debug|Any CPU
		{0FDCF731-B039-4973-9EF6-9260F6C54958}.Release|Any CPU.ActiveCfg = Release|Any CPU
		{0FDCF731-B039-4973-9EF6-9260F6C54958}.Release|Any CPU.Build.0 = Release|Any CPU
	EndGlobalSection
	GlobalSection(SolutionProperties) = preSolution
		HideSolutionNode = FALSE
	EndGlobalSection
	GlobalSection(ExtensibilityGlobals) = postSolution
		SolutionGuid = {282DC8B7-C8C9-483B-B47E-B5D93E45A919}
	EndGlobalSection
EndGlobal
